
Microsoft Visual Studio Solution File, Format Version 12.00
# Visual Studio Version 17
VisualStudioVersion = 17.3.32901.215
MinimumVisualStudioVersion = 10.0.40219.1
Project("{FAE04EC0-301F-11D3-BF4B-00C04F79EFBC}") = "ApartmentBuildingManagementSystem", "ApartmentBuildingManagementSystem\ApartmentBuildingManagementSystem.csproj", "{9C623BE8-5FF3-4EFE-ACCF-E6502842978A}"
EndProject
Global
	GlobalSection(SolutionConfigurationPlatforms) = preSolution
		Debug|Any CPU = Debug|Any CPU
		Release|Any CPU = Release|Any CPU
	EndGlobalSection
	GlobalSection(ProjectConfigurationPlatforms) = postSolution
		{9C623BE8-5FF3-4EFE-ACCF-E6502842978A}.Debug|Any CPU.ActiveCfg = Debug|Any CPU
		{9C623BE8-5FF3-4EFE-ACCF-E6502842978A}.Debug|Any CPU.Build.0 = Debug|Any CPU
		{9C623BE8-5FF3-4EFE-ACCF-E6502842978A}.Release|Any CPU.ActiveCfg = Release|Any CPU
		{9C623BE8-5FF3-4EFE-ACCF-E6502842978A}.Release|Any CPU.Build.0 = Release|Any CPU
	EndGlobalSection
	GlobalSection(SolutionProperties) = preSolution
		HideSolutionNode = FALSE
	EndGlobalSection
	GlobalSection(ExtensibilityGlobals) = postSolution
		SolutionGuid = {969465EB-28B9-49DF-B1CE-E51A6984069D}
	EndGlobalSection
EndGlobal
